// !$*UTF8*$!
{
	archiveVersion = 1;
	classes = {
	};
	objectVersion = 48;
	objects = {

/* Begin PBXBuildFile section */
		DE52BC781FB55C4B007C50A3 /* AppDelegate.swift in Sources */ = {isa = PBXBuildFile; fileRef = DE52BC771FB55C4B007C50A3 /* AppDelegate.swift */; };
		DE52BC7A1FB55C4B007C50A3 /* ViewController.swift in Sources */ = {isa = PBXBuildFile; fileRef = DE52BC791FB55C4B007C50A3 /* ViewController.swift */; };
		DE52BC7D1FB55C4B007C50A3 /* Main.storyboard in Resources */ = {isa = PBXBuildFile; fileRef = DE52BC7B1FB55C4B007C50A3 /* Main.storyboard */; };
		DE52BC7F1FB55C4B007C50A3 /* Assets.xcassets in Resources */ = {isa = PBXBuildFile; fileRef = DE52BC7E1FB55C4B007C50A3 /* Assets.xcassets */; };
		DE52BC821FB55C4B007C50A3 /* LaunchScreen.storyboard in Resources */ = {isa = PBXBuildFile; fileRef = DE52BC801FB55C4B007C50A3 /* LaunchScreen.storyboard */; };
		DE52BC8D1FB55C4B007C50A3 /* NotificationListenerTests.swift in Sources */ = {isa = PBXBuildFile; fileRef = DE52BC8C1FB55C4B007C50A3 /* NotificationListenerTests.swift */; };
/* End PBXBuildFile section */

/* Begin PBXContainerItemProxy section */
		DE52BC891FB55C4B007C50A3 /* PBXContainerItemProxy */ = {
			isa = PBXContainerItemProxy;
			containerPortal = DE52BC6C1FB55C4B007C50A3 /* Project object */;
			proxyType = 1;
			remoteGlobalIDString = DE52BC731FB55C4B007C50A3;
			remoteInfo = NotificationListener;
		};
/* End PBXContainerItemProxy section */

/* Begin PBXFileReference section */
		DE52BC741FB55C4B007C50A3 /* NotificationListener.app */ = {isa = PBXFileReference; explicitFileType = wrapper.application; includeInIndex = 0; path = NotificationListener.app; sourceTree = BUILT_PRODUCTS_DIR; };
		DE52BC771FB55C4B007C50A3 /* AppDelegate.swift */ = {isa = PBXFileReference; lastKnownFileType = sourcecode.swift; path = AppDelegate.swift; sourceTree = "<group>"; };
		DE52BC791FB55C4B007C50A3 /* ViewController.swift */ = {isa = PBXFileReference; lastKnownFileType = sourcecode.swift; path = ViewController.swift; sourceTree = "<group>"; };
		DE52BC7C1FB55C4B007C50A3 /* Base */ = {isa = PBXFileReference; lastKnownFileType = file.storyboard; name = Base; path = Base.lproj/Main.storyboard; sourceTree = "<group>"; };
		DE52BC7E1FB55C4B007C50A3 /* Assets.xcassets */ = {isa = PBXFileReference; lastKnownFileType = folder.assetcatalog; path = Assets.xcassets; sourceTree = "<group>"; };
		DE52BC811FB55C4B007C50A3 /* Base */ = {isa = PBXFileReference; lastKnownFileType = file.storyboard; name = Base; path = Base.lproj/LaunchScreen.storyboard; sourceTree = "<group>"; };
		DE52BC831FB55C4B007C50A3 /* Info.plist */ = {isa = PBXFileReference; lastKnownFileType = text.plist.xml; path = Info.plist; sourceTree = "<group>"; };
		DE52BC881FB55C4B007C50A3 /* NotificationListenerTests.xctest */ = {isa = PBXFileReference; explicitFileType = wrapper.cfbundle; includeInIndex = 0; path = NotificationListenerTests.xctest; sourceTree = BUILT_PRODUCTS_DIR; };
		DE52BC8C1FB55C4B007C50A3 /* NotificationListenerTests.swift */ = {isa = PBXFileReference; lastKnownFileType = sourcecode.swift; path = NotificationListenerTests.swift; sourceTree = "<group>"; };
		DE52BC8E1FB55C4B007C50A3 /* Info.plist */ = {isa = PBXFileReference; lastKnownFileType = text.plist.xml; path = Info.plist; sourceTree = "<group>"; };
/* End PBXFileReference section */

/* Begin PBXFrameworksBuildPhase section */
		DE52BC711FB55C4B007C50A3 /* Frameworks */ = {
			isa = PBXFrameworksBuildPhase;
			buildActionMask = 2147483647;
			files = (
			);
			runOnlyForDeploymentPostprocessing = 0;
		};
		DE52BC851FB55C4B007C50A3 /* Frameworks */ = {
			isa = PBXFrameworksBuildPhase;
			buildActionMask = 2147483647;
			files = (
			);
			runOnlyForDeploymentPostprocessing = 0;
		};
/* End PBXFrameworksBuildPhase section */

/* Begin PBXGroup section */
		DE52BC6B1FB55C4B007C50A3 = {
			isa = PBXGroup;
			children = (
				DE52BC761FB55C4B007C50A3 /* NotificationListener */,
				DE52BC8B1FB55C4B007C50A3 /* NotificationListenerTests */,
				DE52BC751FB55C4B007C50A3 /* Products */,
			);
			sourceTree = "<group>";
		};
		DE52BC751FB55C4B007C50A3 /* Products */ = {
			isa = PBXGroup;
			children = (
				DE52BC741FB55C4B007C50A3 /* NotificationListener.app */,
				DE52BC881FB55C4B007C50A3 /* NotificationListenerTests.xctest */,
			);
			name = Products;
			sourceTree = "<group>";
		};
		DE52BC761FB55C4B007C50A3 /* NotificationListener */ = {
			isa = PBXGroup;
			children = (
				DE52BC771FB55C4B007C50A3 /* AppDelegate.swift */,
				DE52BC791FB55C4B007C50A3 /* ViewController.swift */,
				DE52BC7B1FB55C4B007C50A3 /* Main.storyboard */,
				DE52BC7E1FB55C4B007C50A3 /* Assets.xcassets */,
				DE52BC801FB55C4B007C50A3 /* LaunchScreen.storyboard */,
				DE52BC831FB55C4B007C50A3 /* Info.plist */,
			);
			path = NotificationListener;
			sourceTree = "<group>";
		};
		DE52BC8B1FB55C4B007C50A3 /* NotificationListenerTests */ = {
			isa = PBXGroup;
			children = (
				DE52BC8C1FB55C4B007C50A3 /* NotificationListenerTests.swift */,
				DE52BC8E1FB55C4B007C50A3 /* Info.plist */,
			);
			path = NotificationListenerTests;
			sourceTree = "<group>";
		};
/* End PBXGroup section */

/* Begin PBXNativeTarget section */
		DE52BC731FB55C4B007C50A3 /* NotificationListener */ = {
			isa = PBXNativeTarget;
			buildConfigurationList = DE52BC911FB55C4B007C50A3 /* Build configuration list for PBXNativeTarget "NotificationListener" */;
			buildPhases = (
				DE52BC701FB55C4B007C50A3 /* Sources */,
				DE52BC711FB55C4B007C50A3 /* Frameworks */,
				DE52BC721FB55C4B007C50A3 /* Resources */,
			);
			buildRules = (
			);
			dependencies = (
			);
			name = NotificationListener;
			productName = NotificationListener;
			productReference = DE52BC741FB55C4B007C50A3 /* NotificationListener.app */;
			productType = "com.apple.product-type.application";
		};
		DE52BC871FB55C4B007C50A3 /* NotificationListenerTests */ = {
			isa = PBXNativeTarget;
			buildConfigurationList = DE52BC941FB55C4B007C50A3 /* Build configuration list for PBXNativeTarget "NotificationListenerTests" */;
			buildPhases = (
				DE52BC841FB55C4B007C50A3 /* Sources */,
				DE52BC851FB55C4B007C50A3 /* Frameworks */,
				DE52BC861FB55C4B007C50A3 /* Resources */,
			);
			buildRules = (
			);
			dependencies = (
				DE52BC8A1FB55C4B007C50A3 /* PBXTargetDependency */,
			);
			name = NotificationListenerTests;
			productName = NotificationListenerTests;
			productReference = DE52BC881FB55C4B007C50A3 /* NotificationListenerTests.xctest */;
			productType = "com.apple.product-type.bundle.unit-test";
		};
/* End PBXNativeTarget section */

/* Begin PBXProject section */
		DE52BC6C1FB55C4B007C50A3 /* Project object */ = {
			isa = PBXProject;
			attributes = {
				LastSwiftUpdateCheck = 0910;
				LastUpgradeCheck = 0910;
				ORGANIZATIONNAME = Frohling;
				TargetAttributes = {
					DE52BC731FB55C4B007C50A3 = {
						CreatedOnToolsVersion = 9.1;
						ProvisioningStyle = Automatic;
					};
					DE52BC871FB55C4B007C50A3 = {
						CreatedOnToolsVersion = 9.1;
						ProvisioningStyle = Automatic;
						TestTargetID = DE52BC731FB55C4B007C50A3;
					};
				};
			};
			buildConfigurationList = DE52BC6F1FB55C4B007C50A3 /* Build configuration list for PBXProject "NotificationListener" */;
			compatibilityVersion = "Xcode 8.0";
			developmentRegion = en;
			hasScannedForEncodings = 0;
			knownRegions = (
				en,
				Base,
			);
			mainGroup = DE52BC6B1FB55C4B007C50A3;
			productRefGroup = DE52BC751FB55C4B007C50A3 /* Products */;
			projectDirPath = "";
			projectRoot = "";
			targets = (
				DE52BC731FB55C4B007C50A3 /* NotificationListener */,
				DE52BC871FB55C4B007C50A3 /* NotificationListenerTests */,
			);
		};
/* End PBXProject section */

/* Begin PBXResourcesBuildPhase section */
		DE52BC721FB55C4B007C50A3 /* Resources */ = {
			isa = PBXResourcesBuildPhase;
			buildActionMask = 2147483647;
			files = (
				DE52BC821FB55C4B007C50A3 /* LaunchScreen.storyboard in Resources */,
				DE52BC7F1FB55C4B007C50A3 /* Assets.xcassets in Resources */,
				DE52BC7D1FB55C4B007C50A3 /* Main.storyboard in Resources */,
			);
			runOnlyForDeploymentPostprocessing = 0;
		};
		DE52BC861FB55C4B007C50A3 /* Resources */ = {
			isa = PBXResourcesBuildPhase;
			buildActionMask = 2147483647;
			files = (
			);
			runOnlyForDeploymentPostprocessing = 0;
		};
/* End PBXResourcesBuildPhase section */

/* Begin PBXSourcesBuildPhase section */
		DE52BC701FB55C4B007C50A3 /* Sources */ = {
			isa = PBXSourcesBuildPhase;
			buildActionMask = 2147483647;
			files = (
				DE52BC7A1FB55C4B007C50A3 /* ViewController.swift in Sources */,
				DE52BC781FB55C4B007C50A3 /* AppDelegate.swift in Sources */,
			);
			runOnlyForDeploymentPostprocessing = 0;
		};
		DE52BC841FB55C4B007C50A3 /* Sources */ = {
			isa = PBXSourcesBuildPhase;
			buildActionMask = 2147483647;
			files = (
				DE52BC8D1FB55C4B007C50A3 /* NotificationListenerTests.swift in Sources */,
			);
			runOnlyForDeploymentPostprocessing = 0;
		};
/* End PBXSourcesBuildPhase section */

/* Begin PBXTargetDependency section */
		DE52BC8A1FB55C4B007C50A3 /* PBXTargetDependency */ = {
			isa = PBXTargetDependency;
			target = DE52BC731FB55C4B007C50A3 /* NotificationListener */;
			targetProxy = DE52BC891FB55C4B007C50A3 /* PBXContainerItemProxy */;
		};
/* End PBXTargetDependency section */

/* Begin PBXVariantGroup section */
		DE52BC7B1FB55C4B007C50A3 /* Main.storyboard */ = {
			isa = PBXVariantGroup;
			children = (
				DE52BC7C1FB55C4B007C50A3 /* Base */,
			);
			name = Main.storyboard;
			sourceTree = "<group>";
		};
		DE52BC801FB55C4B007C50A3 /* LaunchScreen.storyboard */ = {
			isa = PBXVariantGroup;
			children = (
				DE52BC811FB55C4B007C50A3 /* Base */,
			);
			name = LaunchScreen.storyboard;
			sourceTree = "<group>";
		};
/* End PBXVariantGroup section */

/* Begin XCBuildConfiguration section */
		DE52BC8F1FB55C4B007C50A3 /* Debug */ = {
			isa = XCBuildConfiguration;
			buildSettings = {
				ALWAYS_SEARCH_USER_PATHS = NO;
				CLANG_ANALYZER_NONNULL = YES;
				CLANG_ANALYZER_NUMBER_OBJECT_CONVERSION = YES_AGGRESSIVE;
				CLANG_CXX_LANGUAGE_STANDARD = "gnu++14";
				CLANG_CXX_LIBRARY = "libc++";
				CLANG_ENABLE_MODULES = YES;
				CLANG_ENABLE_OBJC_ARC = YES;
				CLANG_WARN_BLOCK_CAPTURE_AUTORELEASING = YES;
				CLANG_WARN_BOOL_CONVERSION = YES;
				CLANG_WARN_COMMA = YES;
				CLANG_WARN_CONSTANT_CONVERSION = YES;
				CLANG_WARN_DIRECT_OBJC_ISA_USAGE = YES_ERROR;
				CLANG_WARN_DOCUMENTATION_COMMENTS = YES;
				CLANG_WARN_EMPTY_BODY = YES;
				CLANG_WARN_ENUM_CONVERSION = YES;
				CLANG_WARN_INFINITE_RECURSION = YES;
				CLANG_WARN_INT_CONVERSION = YES;
				CLANG_WARN_NON_LITERAL_NULL_CONVERSION = YES;
				CLANG_WARN_OBJC_LITERAL_CONVERSION = YES;
				CLANG_WARN_OBJC_ROOT_CLASS = YES_ERROR;
				CLANG_WARN_RANGE_LOOP_ANALYSIS = YES;
				CLANG_WARN_STRICT_PROTOTYPES = YES;
				CLANG_WARN_SUSPICIOUS_MOVE = YES;
				CLANG_WARN_UNGUARDED_AVAILABILITY = YES_AGGRESSIVE;
				CLANG_WARN_UNREACHABLE_CODE = YES;
				CLANG_WARN__DUPLICATE_METHOD_MATCH = YES;
				CODE_SIGN_IDENTITY = "iPhone Developer";
				COPY_PHASE_STRIP = NO;
				DEBUG_INFORMATION_FORMAT = dwarf;
				ENABLE_STRICT_OBJC_MSGSEND = YES;
				ENABLE_TESTABILITY = YES;
				GCC_C_LANGUAGE_STANDARD = gnu11;
				GCC_DYNAMIC_NO_PIC = NO;
				GCC_NO_COMMON_BLOCKS = YES;
				GCC_OPTIMIZATION_LEVEL = 0;
				GCC_PREPROCESSOR_DEFINITIONS = (
					"DEBUG=1",
					"$(inherited)",
				);
				GCC_WARN_64_TO_32_BIT_CONVERSION = YES;
				GCC_WARN_ABOUT_RETURN_TYPE = YES_ERROR;
				GCC_WARN_UNDECLARED_SELECTOR = YES;
				GCC_WARN_UNINITIALIZED_AUTOS = YES_AGGRESSIVE;
				GCC_WARN_UNUSED_FUNCTION = YES;
				GCC_WARN_UNUSED_VARIABLE = YES;
				IPHONEOS_DEPLOYMENT_TARGET = 11.1;
				MTL_ENABLE_DEBUG_INFO = YES;
				ONLY_ACTIVE_ARCH = YES;
				SDKROOT = iphoneos;
				SWIFT_ACTIVE_COMPILATION_CONDITIONS = DEBUG;
				SWIFT_OPTIMIZATION_LEVEL = "-Onone";
			};
			name = Debug;
		};
		DE52BC901FB55C4B007C50A3 /* Release */ = {
			isa = XCBuildConfiguration;
			buildSettings = {
				ALWAYS_SEARCH_USER_PATHS = NO;
				CLANG_ANALYZER_NONNULL = YES;
				CLANG_ANALYZER_NUMBER_OBJECT_CONVERSION = YES_AGGRESSIVE;
				CLANG_CXX_LANGUAGE_STANDARD = "gnu++14";
				CLANG_CXX_LIBRARY = "libc++";
				CLANG_ENABLE_MODULES = YES;
				CLANG_ENABLE_OBJC_ARC = YES;
				CLANG_WARN_BLOCK_CAPTURE_AUTORELEASING = YES;
				CLANG_WARN_BOOL_CONVERSION = YES;
				CLANG_WARN_COMMA = YES;
				CLANG_WARN_CONSTANT_CONVERSION = YES;
				CLANG_WARN_DIRECT_OBJC_ISA_USAGE = YES_ERROR;
				CLANG_WARN_DOCUMENTATION_COMMENTS = YES;
				CLANG_WARN_EMPTY_BODY = YES;
				CLANG_WARN_ENUM_CONVERSION = YES;
				CLANG_WARN_INFINITE_RECURSION = YES;
				CLANG_WARN_INT_CONVERSION = YES;
				CLANG_WARN_NON_LITERAL_NULL_CONVERSION = YES;
				CLANG_WARN_OBJC_LITERAL_CONVERSION = YES;
				CLANG_WARN_OBJC_ROOT_CLASS = YES_ERROR;
				CLANG_WARN_RANGE_LOOP_ANALYSIS = YES;
				CLANG_WARN_STRICT_PROTOTYPES = YES;
				CLANG_WARN_SUSPICIOUS_MOVE = YES;
				CLANG_WARN_UNGUARDED_AVAILABILITY = YES_AGGRESSIVE;
				CLANG_WARN_UNREACHABLE_CODE = YES;
				CLANG_WARN__DUPLICATE_METHOD_MATCH = YES;
				CODE_SIGN_IDENTITY = "iPhone Developer";
				COPY_PHASE_STRIP = NO;
				DEBUG_INFORMATION_FORMAT = "dwarf-with-dsym";
				ENABLE_NS_ASSERTIONS = NO;
				ENABLE_STRICT_OBJC_MSGSEND = YES;
				GCC_C_LANGUAGE_STANDARD = gnu11;
				GCC_NO_COMMON_BLOCKS = YES;
				GCC_WARN_64_TO_32_BIT_CONVERSION = YES;
				GCC_WARN_ABOUT_RETURN_TYPE = YES_ERROR;
				GCC_WARN_UNDECLARED_SELECTOR = YES;
				GCC_WARN_UNINITIALIZED_AUTOS = YES_AGGRESSIVE;
				GCC_WARN_UNUSED_FUNCTION = YES;
				GCC_WARN_UNUSED_VARIABLE = YES;
				IPHONEOS_DEPLOYMENT_TARGET = 11.1;
				MTL_ENABLE_DEBUG_INFO = NO;
				SDKROOT = iphoneos;
				SWIFT_OPTIMIZATION_LEVEL = "-Owholemodule";
				VALIDATE_PRODUCT = YES;
			};
			name = Release;
		};
		DE52BC921FB55C4B007C50A3 /* Debug */ = {
			isa = XCBuildConfiguration;
			buildSettings = {
				ASSETCATALOG_COMPILER_APPICON_NAME = AppIcon;
				CODE_SIGN_STYLE = Automatic;
				INFOPLIST_FILE = NotificationListener/Info.plist;
				LD_RUNPATH_SEARCH_PATHS = "$(inherited) @executable_path/Frameworks";
				PRODUCT_BUNDLE_IDENTIFIER = bj.fr.NotificationListener;
				PRODUCT_NAME = "$(TARGET_NAME)";
				SWIFT_VERSION = 4.0;
				TARGETED_DEVICE_FAMILY = "1,2";
			};
			name = Debug;
		};
		DE52BC931FB55C4B007C50A3 /* Release */ = {
			isa = XCBuildConfiguration;
			buildSettings = {
				ASSETCATALOG_COMPILER_APPICON_NAME = AppIcon;
				CODE_SIGN_STYLE = Automatic;
				INFOPLIST_FILE = NotificationListener/Info.plist;
				LD_RUNPATH_SEARCH_PATHS = "$(inherited) @executable_path/Frameworks";
				PRODUCT_BUNDLE_IDENTIFIER = bj.fr.NotificationListener;
				PRODUCT_NAME = "$(TARGET_NAME)";
				SWIFT_VERSION = 4.0;
				TARGETED_DEVICE_FAMILY = "1,2";
			};
			name = Release;
		};
		DE52BC951FB55C4B007C50A3 /* Debug */ = {
			isa = XCBuildConfiguration;
			buildSettings = {
				ALWAYS_EMBED_SWIFT_STANDARD_LIBRARIES = YES;
				BUNDLE_LOADER = "$(TEST_HOST)";
				CODE_SIGN_STYLE = Automatic;
				INFOPLIST_FILE = NotificationListenerTests/Info.plist;
				LD_RUNPATH_SEARCH_PATHS = "$(inherited) @executable_path/Frameworks @loader_path/Frameworks";
				PRODUCT_BUNDLE_IDENTIFIER = bj.fr.NotificationListenerTests;
				PRODUCT_NAME = "$(TARGET_NAME)";
				SWIFT_VERSION = 4.0;
				TARGETED_DEVICE_FAMILY = "1,2";
				TEST_HOST = "$(BUILT_PRODUCTS_DIR)/NotificationListener.app/NotificationListener";
			};
			name = Debug;
		};
		DE52BC961FB55C4B007C50A3 /* Release */ = {
			isa = XCBuildConfiguration;
			buildSettings = {
				ALWAYS_EMBED_SWIFT_STANDARD_LIBRARIES = YES;
				BUNDLE_LOADER = "$(TEST_HOST)";
				CODE_SIGN_STYLE = Automatic;
				INFOPLIST_FILE = NotificationListenerTests/Info.plist;
				LD_RUNPATH_SEARCH_PATHS = "$(inherited) @executable_path/Frameworks @loader_path/Frameworks";
				PRODUCT_BUNDLE_IDENTIFIER = bj.fr.NotificationListenerTests;
				PRODUCT_NAME = "$(TARGET_NAME)";
				SWIFT_VERSION = 4.0;
				TARGETED_DEVICE_FAMILY = "1,2";
				TEST_HOST = "$(BUILT_PRODUCTS_DIR)/NotificationListener.app/NotificationListener";
			};
			name = Release;
		};
/* End XCBuildConfiguration section */

/* Begin XCConfigurationList section */
		DE52BC6F1FB55C4B007C50A3 /* Build configuration list for PBXProject "NotificationListener" */ = {
			isa = XCConfigurationList;
			buildConfigurations = (
				DE52BC8F1FB55C4B007C50A3 /* Debug */,
				DE52BC901FB55C4B007C50A3 /* Release */,
			);
			defaultConfigurationIsVisible = 0;
			defaultConfigurationName = Release;
		};
		DE52BC911FB55C4B007C50A3 /* Build configuration list for PBXNativeTarget "NotificationListener" */ = {
			isa = XCConfigurationList;
			buildConfigurations = (
				DE52BC921FB55C4B007C50A3 /* Debug */,
				DE52BC931FB55C4B007C50A3 /* Release */,
			);
			defaultConfigurationIsVisible = 0;
			defaultConfigurationName = Release;
		};
		DE52BC941FB55C4B007C50A3 /* Build configuration list for PBXNativeTarget "NotificationListenerTests" */ = {
			isa = XCConfigurationList;
			buildConfigurations = (
				DE52BC951FB55C4B007C50A3 /* Debug */,
				DE52BC961FB55C4B007C50A3 /* Release */,
			);
			defaultConfigurationIsVisible = 0;
			defaultConfigurationName = Release;
		};
/* End XCConfigurationList section */
	};
	rootObject = DE52BC6C1FB55C4B007C50A3 /* Project object */;
}
